
Microsoft Visual Studio Solution File, Format Version 12.00
# Visual Studio Version 17
VisualStudioVersion = 17.8.34322.80
MinimumVisualStudioVersion = 10.0.40219.1
Project("{9A19103F-16F7-4668-BE54-9A1E7A4F7556}") = "RobotGameData.MonoGame.WindowsDX", "RobotGameData\RobotGameData.MonoGame.WindowsDX.csproj", "{4A5B4D16-FB70-47BB-916C-4C5B2AFAB8E6}"
EndProject
Project("{9A19103F-16F7-4668-BE54-9A1E7A4F7556}") = "RobotGame.MonoGame.WindowsDX", "RobotGame\RobotGame.MonoGame.WindowsDX.csproj", "{DC44B223-2D1A-4392-BA24-843762F29BA2}"
EndProject
Global
	GlobalSection(SolutionConfigurationPlatforms) = preSolution
		Debug|Any CPU = Debug|Any CPU
		Release|Any CPU = Release|Any CPU
	EndGlobalSection
	GlobalSection(ProjectConfigurationPlatforms) = postSolution
		{4A5B4D16-FB70-47BB-916C-4C5B2AFAB8E6}.Debug|Any CPU.ActiveCfg = Debug|Any CPU
		{4A5B4D16-FB70-47BB-916C-4C5B2AFAB8E6}.Debug|Any CPU.Build.0 = Debug|Any CPU
		{4A5B4D16-FB70-47BB-916C-4C5B2AFAB8E6}.Release|Any CPU.ActiveCfg = Release|Any CPU
		{4A5B4D16-FB70-47BB-916C-4C5B2AFAB8E6}.Release|Any CPU.Build.0 = Release|Any CPU
		{DC44B223-2D1A-4392-BA24-843762F29BA2}.Debug|Any CPU.ActiveCfg = Debug|Any CPU
		{DC44B223-2D1A-4392-BA24-843762F29BA2}.Debug|Any CPU.Build.0 = Debug|Any CPU
		{DC44B223-2D1A-4392-BA24-843762F29BA2}.Release|Any CPU.ActiveCfg = Release|Any CPU
		{DC44B223-2D1A-4392-BA24-843762F29BA2}.Release|Any CPU.Build.0 = Release|Any CPU
	EndGlobalSection
	GlobalSection(SolutionProperties) = preSolution
		HideSolutionNode = FALSE
	EndGlobalSection
	GlobalSection(ExtensibilityGlobals) = postSolution
		SolutionGuid = {D266ED12-92D7-4FD3-A1F2-9D4D7F34C79B}
	EndGlobalSection
EndGlobal
